// !$*UTF8*$!
{
	archiveVersion = 1;
	classes = {
	};
	objectVersion = 50;
	objects = {

/* Begin PBXBuildFile section */
		D3E8D2D1241C0BBD00DA6A1C /* AppDelegate.swift in Sources */ = {isa = PBXBuildFile; fileRef = D3E8D2D0241C0BBD00DA6A1C /* AppDelegate.swift */; };
		D3E8D2D3241C0BBD00DA6A1C /* SceneDelegate.swift in Sources */ = {isa = PBXBuildFile; fileRef = D3E8D2D2241C0BBD00DA6A1C /* SceneDelegate.swift */; };
		D3E8D2D5241C0BBD00DA6A1C /* ContentView.swift in Sources */ = {isa = PBXBuildFile; fileRef = D3E8D2D4241C0BBD00DA6A1C /* ContentView.swift */; };
		D3E8D2D7241C0BBF00DA6A1C /* Assets.xcassets in Resources */ = {isa = PBXBuildFile; fileRef = D3E8D2D6241C0BBF00DA6A1C /* Assets.xcassets */; };
		D3E8D2DA241C0BBF00DA6A1C /* Preview Assets.xcassets in Resources */ = {isa = PBXBuildFile; fileRef = D3E8D2D9241C0BBF00DA6A1C /* Preview Assets.xcassets */; };
		D3E8D2DD241C0BBF00DA6A1C /* LaunchScreen.storyboard in Resources */ = {isa = PBXBuildFile; fileRef = D3E8D2DB241C0BBF00DA6A1C /* LaunchScreen.storyboard */; };
		D3E8D32B241C12EE00DA6A1C /* gRPCCertificates-Cpp.bundle in Resources */ = {isa = PBXBuildFile; fileRef = D3E8D32A241C12EE00DA6A1C /* gRPCCertificates-Cpp.bundle */; };
		D3E8D32D241C13A600DA6A1C /* GoogleService-Info.plist in Resources */ = {isa = PBXBuildFile; fileRef = D3E8D32C241C13A600DA6A1C /* GoogleService-Info.plist */; };
		D3E8D339241C16A000DA6A1C /* abseil.framework in Frameworks */ = {isa = PBXBuildFile; fileRef = D3E8D305241C121100DA6A1C /* abseil.framework */; };
		D3E8D33B241C16A000DA6A1C /* BoringSSL-GRPC.framework in Frameworks */ = {isa = PBXBuildFile; fileRef = D3E8D2FB241C121000DA6A1C /* BoringSSL-GRPC.framework */; };
		D3E8D33D241C16A000DA6A1C /* FIRAnalyticsConnector.framework in Frameworks */ = {isa = PBXBuildFile; fileRef = D3E8D2FD241C121000DA6A1C /* FIRAnalyticsConnector.framework */; };
		D3E8D341241C16A000DA6A1C /* FirebaseAnalytics.framework in Frameworks */ = {isa = PBXBuildFile; fileRef = D3E8D2E8241C0EC800DA6A1C /* FirebaseAnalytics.framework */; };
		D3E8D343241C16A000DA6A1C /* FirebaseAuth.framework in Frameworks */ = {isa = PBXBuildFile; fileRef = D3E8D2E5241C0EC800DA6A1C /* FirebaseAuth.framework */; };
		D3E8D345241C16A000DA6A1C /* FirebaseCore.framework in Frameworks */ = {isa = PBXBuildFile; fileRef = D3E8D2E6241C0EC800DA6A1C /* FirebaseCore.framework */; };
		D3E8D347241C16A000DA6A1C /* FirebaseCoreDiagnostics.framework in Frameworks */ = {isa = PBXBuildFile; fileRef = D3E8D304241C121100DA6A1C /* FirebaseCoreDiagnostics.framework */; };
		D3E8D349241C16A000DA6A1C /* FirebaseFirestore.framework in Frameworks */ = {isa = PBXBuildFile; fileRef = D3E8D2E9241C0EC800DA6A1C /* FirebaseFirestore.framework */; };
		D3E8D34B241C16A000DA6A1C /* FirebaseInstallations.framework in Frameworks */ = {isa = PBXBuildFile; fileRef = D3E8D2FE241C121000DA6A1C /* FirebaseInstallations.framework */; };
		D3E8D34D241C16A000DA6A1C /* FirebaseStorage.framework in Frameworks */ = {isa = PBXBuildFile; fileRef = D3E8D2E7241C0EC800DA6A1C /* FirebaseStorage.framework */; };
		D3E8D34F241C16A000DA6A1C /* GoogleAppMeasurement.framework in Frameworks */ = {isa = PBXBuildFile; fileRef = D3E8D300241C121000DA6A1C /* GoogleAppMeasurement.framework */; };
		D3E8D351241C16A000DA6A1C /* GoogleDataTransport.framework in Frameworks */ = {isa = PBXBuildFile; fileRef = D3E8D306241C121100DA6A1C /* GoogleDataTransport.framework */; };
		D3E8D353241C16A000DA6A1C /* GoogleDataTransportCCTSupport.framework in Frameworks */ = {isa = PBXBuildFile; fileRef = D3E8D309241C121100DA6A1C /* GoogleDataTransportCCTSupport.framework */; };
		D3E8D355241C16A000DA6A1C /* GoogleUtilities.framework in Frameworks */ = {isa = PBXBuildFile; fileRef = D3E8D2FA241C121000DA6A1C /* GoogleUtilities.framework */; };
		D3E8D357241C16A000DA6A1C /* gRPC-C++.framework in Frameworks */ = {isa = PBXBuildFile; fileRef = D3E8D303241C121000DA6A1C /* gRPC-C++.framework */; };
		D3E8D359241C16A000DA6A1C /* gRPC-Core.framework in Frameworks */ = {isa = PBXBuildFile; fileRef = D3E8D2FF241C121000DA6A1C /* gRPC-Core.framework */; };
		D3E8D35B241C16A000DA6A1C /* GTMSessionFetcher.framework in Frameworks */ = {isa = PBXBuildFile; fileRef = D3E8D301241C121000DA6A1C /* GTMSessionFetcher.framework */; };
		D3E8D35D241C16A000DA6A1C /* leveldb-library.framework in Frameworks */ = {isa = PBXBuildFile; fileRef = D3E8D302241C121000DA6A1C /* leveldb-library.framework */; };
		D3E8D35F241C16A100DA6A1C /* nanopb.framework in Frameworks */ = {isa = PBXBuildFile; fileRef = D3E8D308241C121100DA6A1C /* nanopb.framework */; };
		D3E8D361241C16A100DA6A1C /* PromisesObjC.framework in Frameworks */ = {isa = PBXBuildFile; fileRef = D3E8D307241C121100DA6A1C /* PromisesObjC.framework */; };
		D3E8D368241C17D400DA6A1C /* SystemConfiguration.framework in Frameworks */ = {isa = PBXBuildFile; fileRef = D3E8D367241C17D400DA6A1C /* SystemConfiguration.framework */; };
		D3E8D36A241C17DE00DA6A1C /* Security.framework in Frameworks */ = {isa = PBXBuildFile; fileRef = D3E8D369241C17DE00DA6A1C /* Security.framework */; };
		D3E8D36C241C180100DA6A1C /* libc++.tbd in Frameworks */ = {isa = PBXBuildFile; fileRef = D3E8D36B241C180100DA6A1C /* libc++.tbd */; };
		D3E8D36E241C180D00DA6A1C /* libz.tbd in Frameworks */ = {isa = PBXBuildFile; fileRef = D3E8D36D241C180D00DA6A1C /* libz.tbd */; };
		D3E8D370241C188D00DA6A1C /* StoreKit.framework in Frameworks */ = {isa = PBXBuildFile; fileRef = D3E8D36F241C188D00DA6A1C /* StoreKit.framework */; };
		D3E8D372241C18A000DA6A1C /* libsqlite3.tbd in Frameworks */ = {isa = PBXBuildFile; fileRef = D3E8D371241C18A000DA6A1C /* libsqlite3.tbd */; };
/* End PBXBuildFile section */

/* Begin PBXFileReference section */
		D3E8D2CD241C0BBD00DA6A1C /* CombinePlayground.app */ = {isa = PBXFileReference; explicitFileType = wrapper.application; includeInIndex = 0; path = CombinePlayground.app; sourceTree = BUILT_PRODUCTS_DIR; };
		D3E8D2D0241C0BBD00DA6A1C /* AppDelegate.swift */ = {isa = PBXFileReference; lastKnownFileType = sourcecode.swift; path = AppDelegate.swift; sourceTree = "<group>"; };
		D3E8D2D2241C0BBD00DA6A1C /* SceneDelegate.swift */ = {isa = PBXFileReference; lastKnownFileType = sourcecode.swift; path = SceneDelegate.swift; sourceTree = "<group>"; };
		D3E8D2D4241C0BBD00DA6A1C /* ContentView.swift */ = {isa = PBXFileReference; lastKnownFileType = sourcecode.swift; path = ContentView.swift; sourceTree = "<group>"; };
		D3E8D2D6241C0BBF00DA6A1C /* Assets.xcassets */ = {isa = PBXFileReference; lastKnownFileType = folder.assetcatalog; path = Assets.xcassets; sourceTree = "<group>"; };
		D3E8D2D9241C0BBF00DA6A1C /* Preview Assets.xcassets */ = {isa = PBXFileReference; lastKnownFileType = folder.assetcatalog; path = "Preview Assets.xcassets"; sourceTree = "<group>"; };
		D3E8D2DC241C0BBF00DA6A1C /* Base */ = {isa = PBXFileReference; lastKnownFileType = file.storyboard; name = Base; path = Base.lproj/LaunchScreen.storyboard; sourceTree = "<group>"; };
		D3E8D2DE241C0BBF00DA6A1C /* Info.plist */ = {isa = PBXFileReference; lastKnownFileType = text.plist.xml; path = Info.plist; sourceTree = "<group>"; };
		D3E8D2E5241C0EC800DA6A1C /* FirebaseAuth.framework */ = {isa = PBXFileReference; lastKnownFileType = wrapper.framework; name = FirebaseAuth.framework; path = Carthage/Build/iOS/FirebaseAuth.framework; sourceTree = "<group>"; };
		D3E8D2E6241C0EC800DA6A1C /* FirebaseCore.framework */ = {isa = PBXFileReference; lastKnownFileType = wrapper.framework; name = FirebaseCore.framework; path = Carthage/Build/iOS/FirebaseCore.framework; sourceTree = "<group>"; };
		D3E8D2E7241C0EC800DA6A1C /* FirebaseStorage.framework */ = {isa = PBXFileReference; lastKnownFileType = wrapper.framework; name = FirebaseStorage.framework; path = Carthage/Build/iOS/FirebaseStorage.framework; sourceTree = "<group>"; };
		D3E8D2E8241C0EC800DA6A1C /* FirebaseAnalytics.framework */ = {isa = PBXFileReference; lastKnownFileType = wrapper.framework; name = FirebaseAnalytics.framework; path = Carthage/Build/iOS/FirebaseAnalytics.framework; sourceTree = "<group>"; };
		D3E8D2E9241C0EC800DA6A1C /* FirebaseFirestore.framework */ = {isa = PBXFileReference; lastKnownFileType = wrapper.framework; name = FirebaseFirestore.framework; path = Carthage/Build/iOS/FirebaseFirestore.framework; sourceTree = "<group>"; };
		D3E8D2FA241C121000DA6A1C /* GoogleUtilities.framework */ = {isa = PBXFileReference; lastKnownFileType = wrapper.framework; name = GoogleUtilities.framework; path = Carthage/Build/iOS/GoogleUtilities.framework; sourceTree = "<group>"; };
		D3E8D2FB241C121000DA6A1C /* BoringSSL-GRPC.framework */ = {isa = PBXFileReference; lastKnownFileType = wrapper.framework; name = "BoringSSL-GRPC.framework"; path = "Carthage/Build/iOS/BoringSSL-GRPC.framework"; sourceTree = "<group>"; };
		D3E8D2FC241C121000DA6A1C /* Firebase.framework */ = {isa = PBXFileReference; lastKnownFileType = wrapper.framework; name = Firebase.framework; path = Carthage/Build/iOS/Firebase.framework; sourceTree = "<group>"; };
		D3E8D2FD241C121000DA6A1C /* FIRAnalyticsConnector.framework */ = {isa = PBXFileReference; lastKnownFileType = wrapper.framework; name = FIRAnalyticsConnector.framework; path = Carthage/Build/iOS/FIRAnalyticsConnector.framework; sourceTree = "<group>"; };
		D3E8D2FE241C121000DA6A1C /* FirebaseInstallations.framework */ = {isa = PBXFileReference; lastKnownFileType = wrapper.framework; name = FirebaseInstallations.framework; path = Carthage/Build/iOS/FirebaseInstallations.framework; sourceTree = "<group>"; };
		D3E8D2FF241C121000DA6A1C /* gRPC-Core.framework */ = {isa = PBXFileReference; lastKnownFileType = wrapper.framework; name = "gRPC-Core.framework"; path = "Carthage/Build/iOS/gRPC-Core.framework"; sourceTree = "<group>"; };
		D3E8D300241C121000DA6A1C /* GoogleAppMeasurement.framework */ = {isa = PBXFileReference; lastKnownFileType = wrapper.framework; name = GoogleAppMeasurement.framework; path = Carthage/Build/iOS/GoogleAppMeasurement.framework; sourceTree = "<group>"; };
		D3E8D301241C121000DA6A1C /* GTMSessionFetcher.framework */ = {isa = PBXFileReference; lastKnownFileType = wrapper.framework; name = GTMSessionFetcher.framework; path = Carthage/Build/iOS/GTMSessionFetcher.framework; sourceTree = "<group>"; };
		D3E8D302241C121000DA6A1C /* leveldb-library.framework */ = {isa = PBXFileReference; lastKnownFileType = wrapper.framework; name = "leveldb-library.framework"; path = "Carthage/Build/iOS/leveldb-library.framework"; sourceTree = "<group>"; };
		D3E8D303241C121000DA6A1C /* gRPC-C++.framework */ = {isa = PBXFileReference; lastKnownFileType = wrapper.framework; name = "gRPC-C++.framework"; path = "Carthage/Build/iOS/gRPC-C++.framework"; sourceTree = "<group>"; };
		D3E8D304241C121100DA6A1C /* FirebaseCoreDiagnostics.framework */ = {isa = PBXFileReference; lastKnownFileType = wrapper.framework; name = FirebaseCoreDiagnostics.framework; path = Carthage/Build/iOS/FirebaseCoreDiagnostics.framework; sourceTree = "<group>"; };
		D3E8D305241C121100DA6A1C /* abseil.framework */ = {isa = PBXFileReference; lastKnownFileType = wrapper.framework; name = abseil.framework; path = Carthage/Build/iOS/abseil.framework; sourceTree = "<group>"; };
		D3E8D306241C121100DA6A1C /* GoogleDataTransport.framework */ = {isa = PBXFileReference; lastKnownFileType = wrapper.framework; name = GoogleDataTransport.framework; path = Carthage/Build/iOS/GoogleDataTransport.framework; sourceTree = "<group>"; };
		D3E8D307241C121100DA6A1C /* PromisesObjC.framework */ = {isa = PBXFileReference; lastKnownFileType = wrapper.framework; name = PromisesObjC.framework; path = Carthage/Build/iOS/PromisesObjC.framework; sourceTree = "<group>"; };
		D3E8D308241C121100DA6A1C /* nanopb.framework */ = {isa = PBXFileReference; lastKnownFileType = wrapper.framework; name = nanopb.framework; path = Carthage/Build/iOS/nanopb.framework; sourceTree = "<group>"; };
		D3E8D309241C121100DA6A1C /* GoogleDataTransportCCTSupport.framework */ = {isa = PBXFileReference; lastKnownFileType = wrapper.framework; name = GoogleDataTransportCCTSupport.framework; path = Carthage/Build/iOS/GoogleDataTransportCCTSupport.framework; sourceTree = "<group>"; };
		D3E8D32A241C12EE00DA6A1C /* gRPCCertificates-Cpp.bundle */ = {isa = PBXFileReference; lastKnownFileType = "wrapper.plug-in"; name = "gRPCCertificates-Cpp.bundle"; path = "Carthage/Build/iOS/gRPC-C++.framework/Resources/gRPCCertificates-Cpp.bundle"; sourceTree = "<group>"; };
		D3E8D32C241C13A600DA6A1C /* GoogleService-Info.plist */ = {isa = PBXFileReference; fileEncoding = 4; lastKnownFileType = text.plist.xml; path = "GoogleService-Info.plist"; sourceTree = "<group>"; };
		D3E8D367241C17D400DA6A1C /* SystemConfiguration.framework */ = {isa = PBXFileReference; lastKnownFileType = wrapper.framework; name = SystemConfiguration.framework; path = System/Library/Frameworks/SystemConfiguration.framework; sourceTree = SDKROOT; };
		D3E8D369241C17DE00DA6A1C /* Security.framework */ = {isa = PBXFileReference; lastKnownFileType = wrapper.framework; name = Security.framework; path = System/Library/Frameworks/Security.framework; sourceTree = SDKROOT; };
		D3E8D36B241C180100DA6A1C /* libc++.tbd */ = {isa = PBXFileReference; lastKnownFileType = "sourcecode.text-based-dylib-definition"; name = "libc++.tbd"; path = "usr/lib/libc++.tbd"; sourceTree = SDKROOT; };
		D3E8D36D241C180D00DA6A1C /* libz.tbd */ = {isa = PBXFileReference; lastKnownFileType = "sourcecode.text-based-dylib-definition"; name = libz.tbd; path = usr/lib/libz.tbd; sourceTree = SDKROOT; };
		D3E8D36F241C188D00DA6A1C /* StoreKit.framework */ = {isa = PBXFileReference; lastKnownFileType = wrapper.framework; name = StoreKit.framework; path = System/Library/Frameworks/StoreKit.framework; sourceTree = SDKROOT; };
		D3E8D371241C18A000DA6A1C /* libsqlite3.tbd */ = {isa = PBXFileReference; lastKnownFileType = "sourcecode.text-based-dylib-definition"; name = libsqlite3.tbd; path = usr/lib/libsqlite3.tbd; sourceTree = SDKROOT; };
/* End PBXFileReference section */

/* Begin PBXFrameworksBuildPhase section */
		D3E8D2CA241C0BBD00DA6A1C /* Frameworks */ = {
			isa = PBXFrameworksBuildPhase;
			buildActionMask = 2147483647;
			files = (
				D3E8D372241C18A000DA6A1C /* libsqlite3.tbd in Frameworks */,
				D3E8D370241C188D00DA6A1C /* StoreKit.framework in Frameworks */,
				D3E8D36E241C180D00DA6A1C /* libz.tbd in Frameworks */,
				D3E8D36C241C180100DA6A1C /* libc++.tbd in Frameworks */,
				D3E8D36A241C17DE00DA6A1C /* Security.framework in Frameworks */,
				D3E8D368241C17D400DA6A1C /* SystemConfiguration.framework in Frameworks */,
				D3E8D357241C16A000DA6A1C /* gRPC-C++.framework in Frameworks */,
				D3E8D33B241C16A000DA6A1C /* BoringSSL-GRPC.framework in Frameworks */,
				D3E8D35F241C16A100DA6A1C /* nanopb.framework in Frameworks */,
				D3E8D34B241C16A000DA6A1C /* FirebaseInstallations.framework in Frameworks */,
				D3E8D34F241C16A000DA6A1C /* GoogleAppMeasurement.framework in Frameworks */,
				D3E8D355241C16A000DA6A1C /* GoogleUtilities.framework in Frameworks */,
				D3E8D33D241C16A000DA6A1C /* FIRAnalyticsConnector.framework in Frameworks */,
				D3E8D35D241C16A000DA6A1C /* leveldb-library.framework in Frameworks */,
				D3E8D339241C16A000DA6A1C /* abseil.framework in Frameworks */,
				D3E8D343241C16A000DA6A1C /* FirebaseAuth.framework in Frameworks */,
				D3E8D345241C16A000DA6A1C /* FirebaseCore.framework in Frameworks */,
				D3E8D359241C16A000DA6A1C /* gRPC-Core.framework in Frameworks */,
				D3E8D35B241C16A000DA6A1C /* GTMSessionFetcher.framework in Frameworks */,
				D3E8D349241C16A000DA6A1C /* FirebaseFirestore.framework in Frameworks */,
				D3E8D353241C16A000DA6A1C /* GoogleDataTransportCCTSupport.framework in Frameworks */,
				D3E8D34D241C16A000DA6A1C /* FirebaseStorage.framework in Frameworks */,
				D3E8D347241C16A000DA6A1C /* FirebaseCoreDiagnostics.framework in Frameworks */,
				D3E8D351241C16A000DA6A1C /* GoogleDataTransport.framework in Frameworks */,
				D3E8D341241C16A000DA6A1C /* FirebaseAnalytics.framework in Frameworks */,
				D3E8D361241C16A100DA6A1C /* PromisesObjC.framework in Frameworks */,
			);
			runOnlyForDeploymentPostprocessing = 0;
		};
/* End PBXFrameworksBuildPhase section */

/* Begin PBXGroup section */
		D3E8D2C4241C0BBD00DA6A1C = {
			isa = PBXGroup;
			children = (
				D3E8D32A241C12EE00DA6A1C /* gRPCCertificates-Cpp.bundle */,
				D3E8D2CF241C0BBD00DA6A1C /* CombinePlayground */,
				D3E8D2CE241C0BBD00DA6A1C /* Products */,
				D3E8D2E4241C0EC800DA6A1C /* Frameworks */,
			);
			sourceTree = "<group>";
		};
		D3E8D2CE241C0BBD00DA6A1C /* Products */ = {
			isa = PBXGroup;
			children = (
				D3E8D2CD241C0BBD00DA6A1C /* CombinePlayground.app */,
			);
			name = Products;
			sourceTree = "<group>";
		};
		D3E8D2CF241C0BBD00DA6A1C /* CombinePlayground */ = {
			isa = PBXGroup;
			children = (
				D3E8D2D0241C0BBD00DA6A1C /* AppDelegate.swift */,
				D3E8D2D2241C0BBD00DA6A1C /* SceneDelegate.swift */,
				D3E8D2D4241C0BBD00DA6A1C /* ContentView.swift */,
				D3E8D32C241C13A600DA6A1C /* GoogleService-Info.plist */,
				D3E8D2D6241C0BBF00DA6A1C /* Assets.xcassets */,
				D3E8D2DB241C0BBF00DA6A1C /* LaunchScreen.storyboard */,
				D3E8D2DE241C0BBF00DA6A1C /* Info.plist */,
				D3E8D2D8241C0BBF00DA6A1C /* Preview Content */,
			);
			path = CombinePlayground;
			sourceTree = "<group>";
		};
		D3E8D2D8241C0BBF00DA6A1C /* Preview Content */ = {
			isa = PBXGroup;
			children = (
				D3E8D2D9241C0BBF00DA6A1C /* Preview Assets.xcassets */,
			);
			path = "Preview Content";
			sourceTree = "<group>";
		};
		D3E8D2E4241C0EC800DA6A1C /* Frameworks */ = {
			isa = PBXGroup;
			children = (
				D3E8D371241C18A000DA6A1C /* libsqlite3.tbd */,
				D3E8D36F241C188D00DA6A1C /* StoreKit.framework */,
				D3E8D36D241C180D00DA6A1C /* libz.tbd */,
				D3E8D36B241C180100DA6A1C /* libc++.tbd */,
				D3E8D369241C17DE00DA6A1C /* Security.framework */,
				D3E8D367241C17D400DA6A1C /* SystemConfiguration.framework */,
				D3E8D305241C121100DA6A1C /* abseil.framework */,
				D3E8D2FB241C121000DA6A1C /* BoringSSL-GRPC.framework */,
				D3E8D2FD241C121000DA6A1C /* FIRAnalyticsConnector.framework */,
				D3E8D2FC241C121000DA6A1C /* Firebase.framework */,
				D3E8D304241C121100DA6A1C /* FirebaseCoreDiagnostics.framework */,
				D3E8D2FE241C121000DA6A1C /* FirebaseInstallations.framework */,
				D3E8D300241C121000DA6A1C /* GoogleAppMeasurement.framework */,
				D3E8D306241C121100DA6A1C /* GoogleDataTransport.framework */,
				D3E8D309241C121100DA6A1C /* GoogleDataTransportCCTSupport.framework */,
				D3E8D2FA241C121000DA6A1C /* GoogleUtilities.framework */,
				D3E8D303241C121000DA6A1C /* gRPC-C++.framework */,
				D3E8D2FF241C121000DA6A1C /* gRPC-Core.framework */,
				D3E8D301241C121000DA6A1C /* GTMSessionFetcher.framework */,
				D3E8D302241C121000DA6A1C /* leveldb-library.framework */,
				D3E8D308241C121100DA6A1C /* nanopb.framework */,
				D3E8D307241C121100DA6A1C /* PromisesObjC.framework */,
				D3E8D2E8241C0EC800DA6A1C /* FirebaseAnalytics.framework */,
				D3E8D2E5241C0EC800DA6A1C /* FirebaseAuth.framework */,
				D3E8D2E6241C0EC800DA6A1C /* FirebaseCore.framework */,
				D3E8D2E9241C0EC800DA6A1C /* FirebaseFirestore.framework */,
				D3E8D2E7241C0EC800DA6A1C /* FirebaseStorage.framework */,
			);
			name = Frameworks;
			sourceTree = "<group>";
		};
/* End PBXGroup section */

/* Begin PBXNativeTarget section */
		D3E8D2CC241C0BBD00DA6A1C /* CombinePlayground */ = {
			isa = PBXNativeTarget;
			buildConfigurationList = D3E8D2E1241C0BBF00DA6A1C /* Build configuration list for PBXNativeTarget "CombinePlayground" */;
			buildPhases = (
				D3E8D2C9241C0BBD00DA6A1C /* Sources */,
				D3E8D2CA241C0BBD00DA6A1C /* Frameworks */,
				D3E8D2CB241C0BBD00DA6A1C /* Resources */,
				D3E8D338241C141300DA6A1C /* Carthage */,
			);
			buildRules = (
			);
			dependencies = (
			);
			name = CombinePlayground;
			productName = CombinePlayground;
			productReference = D3E8D2CD241C0BBD00DA6A1C /* CombinePlayground.app */;
			productType = "com.apple.product-type.application";
		};
/* End PBXNativeTarget section */

/* Begin PBXProject section */
		D3E8D2C5241C0BBD00DA6A1C /* Project object */ = {
			isa = PBXProject;
			attributes = {
				LastSwiftUpdateCheck = 1130;
				LastUpgradeCheck = 1130;
				ORGANIZATIONNAME = "Fumiya Tanaka";
				TargetAttributes = {
					D3E8D2CC241C0BBD00DA6A1C = {
						CreatedOnToolsVersion = 11.3.1;
					};
				};
			};
			buildConfigurationList = D3E8D2C8241C0BBD00DA6A1C /* Build configuration list for PBXProject "CombinePlayground" */;
			compatibilityVersion = "Xcode 9.3";
			developmentRegion = en;
			hasScannedForEncodings = 0;
			knownRegions = (
				en,
				Base,
			);
			mainGroup = D3E8D2C4241C0BBD00DA6A1C;
			productRefGroup = D3E8D2CE241C0BBD00DA6A1C /* Products */;
			projectDirPath = "";
			projectRoot = "";
			targets = (
				D3E8D2CC241C0BBD00DA6A1C /* CombinePlayground */,
			);
		};
/* End PBXProject section */

/* Begin PBXResourcesBuildPhase section */
		D3E8D2CB241C0BBD00DA6A1C /* Resources */ = {
			isa = PBXResourcesBuildPhase;
			buildActionMask = 2147483647;
			files = (
				D3E8D32B241C12EE00DA6A1C /* gRPCCertificates-Cpp.bundle in Resources */,
				D3E8D2DD241C0BBF00DA6A1C /* LaunchScreen.storyboard in Resources */,
				D3E8D2DA241C0BBF00DA6A1C /* Preview Assets.xcassets in Resources */,
				D3E8D2D7241C0BBF00DA6A1C /* Assets.xcassets in Resources */,
				D3E8D32D241C13A600DA6A1C /* GoogleService-Info.plist in Resources */,
			);
			runOnlyForDeploymentPostprocessing = 0;
		};
/* End PBXResourcesBuildPhase section */

/* Begin PBXShellScriptBuildPhase section */
		D3E8D338241C141300DA6A1C /* Carthage */ = {
			isa = PBXShellScriptBuildPhase;
			buildActionMask = 2147483647;
			files = (
			);
			inputFileListPaths = (
			);
			inputPaths = (
			);
			name = Carthage;
			outputFileListPaths = (
			);
			outputPaths = (
			);
			runOnlyForDeploymentPostprocessing = 0;
			shellPath = /bin/sh;
			shellScript = "# Type a script or drag a script file from your workspace to insert its path.\n";
		};
/* End PBXShellScriptBuildPhase section */

/* Begin PBXSourcesBuildPhase section */
		D3E8D2C9241C0BBD00DA6A1C /* Sources */ = {
			isa = PBXSourcesBuildPhase;
			buildActionMask = 2147483647;
			files = (
				D3E8D2D1241C0BBD00DA6A1C /* AppDelegate.swift in Sources */,
				D3E8D2D3241C0BBD00DA6A1C /* SceneDelegate.swift in Sources */,
				D3E8D2D5241C0BBD00DA6A1C /* ContentView.swift in Sources */,
			);
			runOnlyForDeploymentPostprocessing = 0;
		};
/* End PBXSourcesBuildPhase section */

/* Begin PBXVariantGroup section */
		D3E8D2DB241C0BBF00DA6A1C /* LaunchScreen.storyboard */ = {
			isa = PBXVariantGroup;
			children = (
				D3E8D2DC241C0BBF00DA6A1C /* Base */,
			);
			name = LaunchScreen.storyboard;
			sourceTree = "<group>";
		};
/* End PBXVariantGroup section */

/* Begin XCBuildConfiguration section */
		D3E8D2DF241C0BBF00DA6A1C /* Debug */ = {
			isa = XCBuildConfiguration;
			buildSettings = {
				ALWAYS_SEARCH_USER_PATHS = NO;
				CLANG_ANALYZER_NONNULL = YES;
				CLANG_ANALYZER_NUMBER_OBJECT_CONVERSION = YES_AGGRESSIVE;
				CLANG_CXX_LANGUAGE_STANDARD = "gnu++14";
				CLANG_CXX_LIBRARY = "libc++";
				CLANG_ENABLE_MODULES = YES;
				CLANG_ENABLE_OBJC_ARC = YES;
				CLANG_ENABLE_OBJC_WEAK = YES;
				CLANG_WARN_BLOCK_CAPTURE_AUTORELEASING = YES;
				CLANG_WARN_BOOL_CONVERSION = YES;
				CLANG_WARN_COMMA = YES;
				CLANG_WARN_CONSTANT_CONVERSION = YES;
				CLANG_WARN_DEPRECATED_OBJC_IMPLEMENTATIONS = YES;
				CLANG_WARN_DIRECT_OBJC_ISA_USAGE = YES_ERROR;
				CLANG_WARN_DOCUMENTATION_COMMENTS = YES;
				CLANG_WARN_EMPTY_BODY = YES;
				CLANG_WARN_ENUM_CONVERSION = YES;
				CLANG_WARN_INFINITE_RECURSION = YES;
				CLANG_WARN_INT_CONVERSION = YES;
				CLANG_WARN_NON_LITERAL_NULL_CONVERSION = YES;
				CLANG_WARN_OBJC_IMPLICIT_RETAIN_SELF = YES;
				CLANG_WARN_OBJC_LITERAL_CONVERSION = YES;
				CLANG_WARN_OBJC_ROOT_CLASS = YES_ERROR;
				CLANG_WARN_RANGE_LOOP_ANALYSIS = YES;
				CLANG_WARN_STRICT_PROTOTYPES = YES;
				CLANG_WARN_SUSPICIOUS_MOVE = YES;
				CLANG_WARN_UNGUARDED_AVAILABILITY = YES_AGGRESSIVE;
				CLANG_WARN_UNREACHABLE_CODE = YES;
				CLANG_WARN__DUPLICATE_METHOD_MATCH = YES;
				COPY_PHASE_STRIP = NO;
				DEBUG_INFORMATION_FORMAT = dwarf;
				ENABLE_STRICT_OBJC_MSGSEND = YES;
				ENABLE_TESTABILITY = YES;
				GCC_C_LANGUAGE_STANDARD = gnu11;
				GCC_DYNAMIC_NO_PIC = NO;
				GCC_NO_COMMON_BLOCKS = YES;
				GCC_OPTIMIZATION_LEVEL = 0;
				GCC_PREPROCESSOR_DEFINITIONS = (
					"DEBUG=1",
					"$(inherited)",
				);
				GCC_WARN_64_TO_32_BIT_CONVERSION = YES;
				GCC_WARN_ABOUT_RETURN_TYPE = YES_ERROR;
				GCC_WARN_UNDECLARED_SELECTOR = YES;
				GCC_WARN_UNINITIALIZED_AUTOS = YES_AGGRESSIVE;
				GCC_WARN_UNUSED_FUNCTION = YES;
				GCC_WARN_UNUSED_VARIABLE = YES;
				IPHONEOS_DEPLOYMENT_TARGET = 13.2;
				MTL_ENABLE_DEBUG_INFO = INCLUDE_SOURCE;
				MTL_FAST_MATH = YES;
				ONLY_ACTIVE_ARCH = YES;
				SDKROOT = iphoneos;
				SWIFT_ACTIVE_COMPILATION_CONDITIONS = DEBUG;
				SWIFT_OPTIMIZATION_LEVEL = "-Onone";
			};
			name = Debug;
		};
		D3E8D2E0241C0BBF00DA6A1C /* Release */ = {
			isa = XCBuildConfiguration;
			buildSettings = {
				ALWAYS_SEARCH_USER_PATHS = NO;
				CLANG_ANALYZER_NONNULL = YES;
				CLANG_ANALYZER_NUMBER_OBJECT_CONVERSION = YES_AGGRESSIVE;
				CLANG_CXX_LANGUAGE_STANDARD = "gnu++14";
				CLANG_CXX_LIBRARY = "libc++";
				CLANG_ENABLE_MODULES = YES;
				CLANG_ENABLE_OBJC_ARC = YES;
				CLANG_ENABLE_OBJC_WEAK = YES;
				CLANG_WARN_BLOCK_CAPTURE_AUTORELEASING = YES;
				CLANG_WARN_BOOL_CONVERSION = YES;
				CLANG_WARN_COMMA = YES;
				CLANG_WARN_CONSTANT_CONVERSION = YES;
				CLANG_WARN_DEPRECATED_OBJC_IMPLEMENTATIONS = YES;
				CLANG_WARN_DIRECT_OBJC_ISA_USAGE = YES_ERROR;
				CLANG_WARN_DOCUMENTATION_COMMENTS = YES;
				CLANG_WARN_EMPTY_BODY = YES;
				CLANG_WARN_ENUM_CONVERSION = YES;
				CLANG_WARN_INFINITE_RECURSION = YES;
				CLANG_WARN_INT_CONVERSION = YES;
				CLANG_WARN_NON_LITERAL_NULL_CONVERSION = YES;
				CLANG_WARN_OBJC_IMPLICIT_RETAIN_SELF = YES;
				CLANG_WARN_OBJC_LITERAL_CONVERSION = YES;
				CLANG_WARN_OBJC_ROOT_CLASS = YES_ERROR;
				CLANG_WARN_RANGE_LOOP_ANALYSIS = YES;
				CLANG_WARN_STRICT_PROTOTYPES = YES;
				CLANG_WARN_SUSPICIOUS_MOVE = YES;
				CLANG_WARN_UNGUARDED_AVAILABILITY = YES_AGGRESSIVE;
				CLANG_WARN_UNREACHABLE_CODE = YES;
				CLANG_WARN__DUPLICATE_METHOD_MATCH = YES;
				COPY_PHASE_STRIP = NO;
				DEBUG_INFORMATION_FORMAT = "dwarf-with-dsym";
				ENABLE_NS_ASSERTIONS = NO;
				ENABLE_STRICT_OBJC_MSGSEND = YES;
				GCC_C_LANGUAGE_STANDARD = gnu11;
				GCC_NO_COMMON_BLOCKS = YES;
				GCC_WARN_64_TO_32_BIT_CONVERSION = YES;
				GCC_WARN_ABOUT_RETURN_TYPE = YES_ERROR;
				GCC_WARN_UNDECLARED_SELECTOR = YES;
				GCC_WARN_UNINITIALIZED_AUTOS = YES_AGGRESSIVE;
				GCC_WARN_UNUSED_FUNCTION = YES;
				GCC_WARN_UNUSED_VARIABLE = YES;
				IPHONEOS_DEPLOYMENT_TARGET = 13.2;
				MTL_ENABLE_DEBUG_INFO = NO;
				MTL_FAST_MATH = YES;
				SDKROOT = iphoneos;
				SWIFT_COMPILATION_MODE = wholemodule;
				SWIFT_OPTIMIZATION_LEVEL = "-O";
				VALIDATE_PRODUCT = YES;
			};
			name = Release;
		};
		D3E8D2E2241C0BBF00DA6A1C /* Debug */ = {
			isa = XCBuildConfiguration;
			buildSettings = {
				ASSETCATALOG_COMPILER_APPICON_NAME = AppIcon;
				CODE_SIGN_STYLE = Automatic;
				DEBUG_INFORMATION_FORMAT = "dwarf-with-dsym";
				DEVELOPMENT_ASSET_PATHS = "\"CombinePlayground/Preview Content\"";
				DEVELOPMENT_TEAM = 2X6AD4W323;
				ENABLE_PREVIEWS = YES;
				FRAMEWORK_SEARCH_PATHS = (
					"$(inherited)",
					"$(PROJECT_DIR)/Carthage/Build/iOS",
				);
				INFOPLIST_FILE = CombinePlayground/Info.plist;
				LD_RUNPATH_SEARCH_PATHS = (
					"$(inherited)",
					"@executable_path/Frameworks",
				);
				OTHER_LDFLAGS = (
					"$(OTHER_LDFLAGS)",
					"-ObjC",
				);
				PRODUCT_BUNDLE_IDENTIFIER = dev.fummicc1.CombinePlayground;
				PRODUCT_NAME = "$(TARGET_NAME)";
				SWIFT_VERSION = 5.0;
				TARGETED_DEVICE_FAMILY = "1,2";
			};
			name = Debug;
		};
		D3E8D2E3241C0BBF00DA6A1C /* Release */ = {
			isa = XCBuildConfiguration;
			buildSettings = {
				ASSETCATALOG_COMPILER_APPICON_NAME = AppIcon;
				CODE_SIGN_STYLE = Automatic;
				DEVELOPMENT_ASSET_PATHS = "\"CombinePlayground/Preview Content\"";
				DEVELOPMENT_TEAM = 2X6AD4W323;
				ENABLE_PREVIEWS = YES;
				FRAMEWORK_SEARCH_PATHS = (
					"$(inherited)",
					"$(PROJECT_DIR)/Carthage/Build/iOS",
				);
				INFOPLIST_FILE = CombinePlayground/Info.plist;
				LD_RUNPATH_SEARCH_PATHS = (
					"$(inherited)",
					"@executable_path/Frameworks",
				);
				OTHER_LDFLAGS = (
					"$(OTHER_LDFLAGS)",
					"-ObjC",
				);
				PRODUCT_BUNDLE_IDENTIFIER = dev.fummicc1.CombinePlayground;
				PRODUCT_NAME = "$(TARGET_NAME)";
				SWIFT_VERSION = 5.0;
				TARGETED_DEVICE_FAMILY = "1,2";
			};
			name = Release;
		};
/* End XCBuildConfiguration section */

/* Begin XCConfigurationList section */
		D3E8D2C8241C0BBD00DA6A1C /* Build configuration list for PBXProject "CombinePlayground" */ = {
			isa = XCConfigurationList;
			buildConfigurations = (
				D3E8D2DF241C0BBF00DA6A1C /* Debug */,
				D3E8D2E0241C0BBF00DA6A1C /* Release */,
			);
			defaultConfigurationIsVisible = 0;
			defaultConfigurationName = Release;
		};
		D3E8D2E1241C0BBF00DA6A1C /* Build configuration list for PBXNativeTarget "CombinePlayground" */ = {
			isa = XCConfigurationList;
			buildConfigurations = (
				D3E8D2E2241C0BBF00DA6A1C /* Debug */,
				D3E8D2E3241C0BBF00DA6A1C /* Release */,
			);
			defaultConfigurationIsVisible = 0;
			defaultConfigurationName = Release;
		};
/* End XCConfigurationList section */
	};
	rootObject = D3E8D2C5241C0BBD00DA6A1C /* Project object */;
}
