// !$*UTF8*$!
{
	archiveVersion = 1;
	classes = {
	};
	objectVersion = 51;
	objects = {

/* Begin PBXBuildFile section */
		0C7D22C7EFBFC670E0D4A2B0 /* Pods_BackgroundGyro.framework in Frameworks */ = {isa = PBXBuildFile; fileRef = 0A28C433BD1D50B0DFD5362D /* Pods_BackgroundGyro.framework */; };
		D35085CB24212AA700C06689 /* AppDelegate.swift in Sources */ = {isa = PBXBuildFile; fileRef = D35085CA24212AA700C06689 /* AppDelegate.swift */; };
		D35085CD24212AA700C06689 /* SceneDelegate.swift in Sources */ = {isa = PBXBuildFile; fileRef = D35085CC24212AA700C06689 /* SceneDelegate.swift */; };
		D35085CF24212AA700C06689 /* ViewController.swift in Sources */ = {isa = PBXBuildFile; fileRef = D35085CE24212AA700C06689 /* ViewController.swift */; };
		D35085D224212AA700C06689 /* Main.storyboard in Resources */ = {isa = PBXBuildFile; fileRef = D35085D024212AA700C06689 /* Main.storyboard */; };
		D35085D424212AA800C06689 /* Assets.xcassets in Resources */ = {isa = PBXBuildFile; fileRef = D35085D324212AA800C06689 /* Assets.xcassets */; };
		D35085D724212AA800C06689 /* LaunchScreen.storyboard in Resources */ = {isa = PBXBuildFile; fileRef = D35085D524212AA800C06689 /* LaunchScreen.storyboard */; };
		D3BE6E55244D8E6D0029D832 /* GoogleService-Info.plist in Resources */ = {isa = PBXBuildFile; fileRef = D3BE6E54244D8E6D0029D832 /* GoogleService-Info.plist */; };
/* End PBXBuildFile section */

/* Begin PBXFileReference section */
		0A28C433BD1D50B0DFD5362D /* Pods_BackgroundGyro.framework */ = {isa = PBXFileReference; explicitFileType = wrapper.framework; includeInIndex = 0; path = Pods_BackgroundGyro.framework; sourceTree = BUILT_PRODUCTS_DIR; };
		4569BFAFAD0E0582CA59E71A /* Pods-BackgroundGyro.release.xcconfig */ = {isa = PBXFileReference; includeInIndex = 1; lastKnownFileType = text.xcconfig; name = "Pods-BackgroundGyro.release.xcconfig"; path = "Target Support Files/Pods-BackgroundGyro/Pods-BackgroundGyro.release.xcconfig"; sourceTree = "<group>"; };
		728BED65BE66EA13E4938B8E /* Pods-BackgroundGyro.debug.xcconfig */ = {isa = PBXFileReference; includeInIndex = 1; lastKnownFileType = text.xcconfig; name = "Pods-BackgroundGyro.debug.xcconfig"; path = "Target Support Files/Pods-BackgroundGyro/Pods-BackgroundGyro.debug.xcconfig"; sourceTree = "<group>"; };
		D35085C724212AA700C06689 /* BackgroundGyro.app */ = {isa = PBXFileReference; explicitFileType = wrapper.application; includeInIndex = 0; path = BackgroundGyro.app; sourceTree = BUILT_PRODUCTS_DIR; };
		D35085CA24212AA700C06689 /* AppDelegate.swift */ = {isa = PBXFileReference; lastKnownFileType = sourcecode.swift; path = AppDelegate.swift; sourceTree = "<group>"; };
		D35085CC24212AA700C06689 /* SceneDelegate.swift */ = {isa = PBXFileReference; lastKnownFileType = sourcecode.swift; path = SceneDelegate.swift; sourceTree = "<group>"; };
		D35085CE24212AA700C06689 /* ViewController.swift */ = {isa = PBXFileReference; lastKnownFileType = sourcecode.swift; path = ViewController.swift; sourceTree = "<group>"; };
		D35085D124212AA700C06689 /* Base */ = {isa = PBXFileReference; lastKnownFileType = file.storyboard; name = Base; path = Base.lproj/Main.storyboard; sourceTree = "<group>"; };
		D35085D324212AA800C06689 /* Assets.xcassets */ = {isa = PBXFileReference; lastKnownFileType = folder.assetcatalog; path = Assets.xcassets; sourceTree = "<group>"; };
		D35085D624212AA800C06689 /* Base */ = {isa = PBXFileReference; lastKnownFileType = file.storyboard; name = Base; path = Base.lproj/LaunchScreen.storyboard; sourceTree = "<group>"; };
		D35085D824212AA800C06689 /* Info.plist */ = {isa = PBXFileReference; lastKnownFileType = text.plist.xml; path = Info.plist; sourceTree = "<group>"; };
		D3BE6E54244D8E6D0029D832 /* GoogleService-Info.plist */ = {isa = PBXFileReference; fileEncoding = 4; lastKnownFileType = text.plist.xml; path = "GoogleService-Info.plist"; sourceTree = "<group>"; };
/* End PBXFileReference section */

/* Begin PBXFrameworksBuildPhase section */
		D35085C424212AA700C06689 /* Frameworks */ = {
			isa = PBXFrameworksBuildPhase;
			buildActionMask = 2147483647;
			files = (
				0C7D22C7EFBFC670E0D4A2B0 /* Pods_BackgroundGyro.framework in Frameworks */,
			);
			runOnlyForDeploymentPostprocessing = 0;
		};
/* End PBXFrameworksBuildPhase section */

/* Begin PBXGroup section */
		7BB33D186D2055A078F9F884 /* Frameworks */ = {
			isa = PBXGroup;
			children = (
				0A28C433BD1D50B0DFD5362D /* Pods_BackgroundGyro.framework */,
			);
			name = Frameworks;
			sourceTree = "<group>";
		};
		7FCCEDF87BEF11C906F0EF59 /* Pods */ = {
			isa = PBXGroup;
			children = (
				728BED65BE66EA13E4938B8E /* Pods-BackgroundGyro.debug.xcconfig */,
				4569BFAFAD0E0582CA59E71A /* Pods-BackgroundGyro.release.xcconfig */,
			);
			path = Pods;
			sourceTree = "<group>";
		};
		D35085BE24212AA700C06689 = {
			isa = PBXGroup;
			children = (
				D35085C924212AA700C06689 /* BackgroundGyro */,
				D35085C824212AA700C06689 /* Products */,
				7FCCEDF87BEF11C906F0EF59 /* Pods */,
				7BB33D186D2055A078F9F884 /* Frameworks */,
			);
			sourceTree = "<group>";
		};
		D35085C824212AA700C06689 /* Products */ = {
			isa = PBXGroup;
			children = (
				D35085C724212AA700C06689 /* BackgroundGyro.app */,
			);
			name = Products;
			sourceTree = "<group>";
		};
		D35085C924212AA700C06689 /* BackgroundGyro */ = {
			isa = PBXGroup;
			children = (
				D35085CA24212AA700C06689 /* AppDelegate.swift */,
				D35085CC24212AA700C06689 /* SceneDelegate.swift */,
				D35085CE24212AA700C06689 /* ViewController.swift */,
				D35085D024212AA700C06689 /* Main.storyboard */,
				D35085D324212AA800C06689 /* Assets.xcassets */,
				D3BE6E54244D8E6D0029D832 /* GoogleService-Info.plist */,
				D35085D524212AA800C06689 /* LaunchScreen.storyboard */,
				D35085D824212AA800C06689 /* Info.plist */,
			);
			path = BackgroundGyro;
			sourceTree = "<group>";
		};
/* End PBXGroup section */

/* Begin PBXNativeTarget section */
		D35085C624212AA700C06689 /* BackgroundGyro */ = {
			isa = PBXNativeTarget;
			buildConfigurationList = D35085DB24212AA800C06689 /* Build configuration list for PBXNativeTarget "BackgroundGyro" */;
			buildPhases = (
				372AD9FEBBB775685942764E /* [CP] Check Pods Manifest.lock */,
				D35085C324212AA700C06689 /* Sources */,
				D35085C424212AA700C06689 /* Frameworks */,
				D35085C524212AA700C06689 /* Resources */,
				E5D5658C307326FDD87BDB41 /* [CP] Embed Pods Frameworks */,
			);
			buildRules = (
			);
			dependencies = (
			);
			name = BackgroundGyro;
			productName = BackgroundGyro;
			productReference = D35085C724212AA700C06689 /* BackgroundGyro.app */;
			productType = "com.apple.product-type.application";
		};
/* End PBXNativeTarget section */

/* Begin PBXProject section */
		D35085BF24212AA700C06689 /* Project object */ = {
			isa = PBXProject;
			attributes = {
				LastSwiftUpdateCheck = 1130;
				LastUpgradeCheck = 1130;
				ORGANIZATIONNAME = "Fumiya Tanaka";
				TargetAttributes = {
					D35085C624212AA700C06689 = {
						CreatedOnToolsVersion = 11.3.1;
					};
				};
			};
			buildConfigurationList = D35085C224212AA700C06689 /* Build configuration list for PBXProject "BackgroundGyro" */;
			compatibilityVersion = "Xcode 9.3";
			developmentRegion = en;
			hasScannedForEncodings = 0;
			knownRegions = (
				en,
				Base,
			);
			mainGroup = D35085BE24212AA700C06689;
			productRefGroup = D35085C824212AA700C06689 /* Products */;
			projectDirPath = "";
			projectRoot = "";
			targets = (
				D35085C624212AA700C06689 /* BackgroundGyro */,
			);
		};
/* End PBXProject section */

/* Begin PBXResourcesBuildPhase section */
		D35085C524212AA700C06689 /* Resources */ = {
			isa = PBXResourcesBuildPhase;
			buildActionMask = 2147483647;
			files = (
				D35085D724212AA800C06689 /* LaunchScreen.storyboard in Resources */,
				D35085D424212AA800C06689 /* Assets.xcassets in Resources */,
				D35085D224212AA700C06689 /* Main.storyboard in Resources */,
				D3BE6E55244D8E6D0029D832 /* GoogleService-Info.plist in Resources */,
			);
			runOnlyForDeploymentPostprocessing = 0;
		};
/* End PBXResourcesBuildPhase section */

/* Begin PBXShellScriptBuildPhase section */
		372AD9FEBBB775685942764E /* [CP] Check Pods Manifest.lock */ = {
			isa = PBXShellScriptBuildPhase;
			buildActionMask = 2147483647;
			files = (
			);
			inputFileListPaths = (
			);
			inputPaths = (
				"${PODS_PODFILE_DIR_PATH}/Podfile.lock",
				"${PODS_ROOT}/Manifest.lock",
			);
			name = "[CP] Check Pods Manifest.lock";
			outputFileListPaths = (
			);
			outputPaths = (
				"$(DERIVED_FILE_DIR)/Pods-BackgroundGyro-checkManifestLockResult.txt",
			);
			runOnlyForDeploymentPostprocessing = 0;
			shellPath = /bin/sh;
			shellScript = "diff \"${PODS_PODFILE_DIR_PATH}/Podfile.lock\" \"${PODS_ROOT}/Manifest.lock\" > /dev/null\nif [ $? != 0 ] ; then\n    # print error to STDERR\n    echo \"error: The sandbox is not in sync with the Podfile.lock. Run 'pod install' or update your CocoaPods installation.\" >&2\n    exit 1\nfi\n# This output is used by Xcode 'outputs' to avoid re-running this script phase.\necho \"SUCCESS\" > \"${SCRIPT_OUTPUT_FILE_0}\"\n";
			showEnvVarsInLog = 0;
		};
		E5D5658C307326FDD87BDB41 /* [CP] Embed Pods Frameworks */ = {
			isa = PBXShellScriptBuildPhase;
			buildActionMask = 2147483647;
			files = (
			);
			inputFileListPaths = (
				"${PODS_ROOT}/Target Support Files/Pods-BackgroundGyro/Pods-BackgroundGyro-frameworks-${CONFIGURATION}-input-files.xcfilelist",
			);
			name = "[CP] Embed Pods Frameworks";
			outputFileListPaths = (
				"${PODS_ROOT}/Target Support Files/Pods-BackgroundGyro/Pods-BackgroundGyro-frameworks-${CONFIGURATION}-output-files.xcfilelist",
			);
			runOnlyForDeploymentPostprocessing = 0;
			shellPath = /bin/sh;
			shellScript = "\"${PODS_ROOT}/Target Support Files/Pods-BackgroundGyro/Pods-BackgroundGyro-frameworks.sh\"\n";
			showEnvVarsInLog = 0;
		};
/* End PBXShellScriptBuildPhase section */

/* Begin PBXSourcesBuildPhase section */
		D35085C324212AA700C06689 /* Sources */ = {
			isa = PBXSourcesBuildPhase;
			buildActionMask = 2147483647;
			files = (
				D35085CF24212AA700C06689 /* ViewController.swift in Sources */,
				D35085CB24212AA700C06689 /* AppDelegate.swift in Sources */,
				D35085CD24212AA700C06689 /* SceneDelegate.swift in Sources */,
			);
			runOnlyForDeploymentPostprocessing = 0;
		};
/* End PBXSourcesBuildPhase section */

/* Begin PBXVariantGroup section */
		D35085D024212AA700C06689 /* Main.storyboard */ = {
			isa = PBXVariantGroup;
			children = (
				D35085D124212AA700C06689 /* Base */,
			);
			name = Main.storyboard;
			sourceTree = "<group>";
		};
		D35085D524212AA800C06689 /* LaunchScreen.storyboard */ = {
			isa = PBXVariantGroup;
			children = (
				D35085D624212AA800C06689 /* Base */,
			);
			name = LaunchScreen.storyboard;
			sourceTree = "<group>";
		};
/* End PBXVariantGroup section */

/* Begin XCBuildConfiguration section */
		D35085D924212AA800C06689 /* Debug */ = {
			isa = XCBuildConfiguration;
			buildSettings = {
				ALWAYS_SEARCH_USER_PATHS = NO;
				CLANG_ANALYZER_NONNULL = YES;
				CLANG_ANALYZER_NUMBER_OBJECT_CONVERSION = YES_AGGRESSIVE;
				CLANG_CXX_LANGUAGE_STANDARD = "gnu++14";
				CLANG_CXX_LIBRARY = "libc++";
				CLANG_ENABLE_MODULES = YES;
				CLANG_ENABLE_OBJC_ARC = YES;
				CLANG_ENABLE_OBJC_WEAK = YES;
				CLANG_WARN_BLOCK_CAPTURE_AUTORELEASING = YES;
				CLANG_WARN_BOOL_CONVERSION = YES;
				CLANG_WARN_COMMA = YES;
				CLANG_WARN_CONSTANT_CONVERSION = YES;
				CLANG_WARN_DEPRECATED_OBJC_IMPLEMENTATIONS = YES;
				CLANG_WARN_DIRECT_OBJC_ISA_USAGE = YES_ERROR;
				CLANG_WARN_DOCUMENTATION_COMMENTS = YES;
				CLANG_WARN_EMPTY_BODY = YES;
				CLANG_WARN_ENUM_CONVERSION = YES;
				CLANG_WARN_INFINITE_RECURSION = YES;
				CLANG_WARN_INT_CONVERSION = YES;
				CLANG_WARN_NON_LITERAL_NULL_CONVERSION = YES;
				CLANG_WARN_OBJC_IMPLICIT_RETAIN_SELF = YES;
				CLANG_WARN_OBJC_LITERAL_CONVERSION = YES;
				CLANG_WARN_OBJC_ROOT_CLASS = YES_ERROR;
				CLANG_WARN_RANGE_LOOP_ANALYSIS = YES;
				CLANG_WARN_STRICT_PROTOTYPES = YES;
				CLANG_WARN_SUSPICIOUS_MOVE = YES;
				CLANG_WARN_UNGUARDED_AVAILABILITY = YES_AGGRESSIVE;
				CLANG_WARN_UNREACHABLE_CODE = YES;
				CLANG_WARN__DUPLICATE_METHOD_MATCH = YES;
				COPY_PHASE_STRIP = NO;
				DEBUG_INFORMATION_FORMAT = dwarf;
				ENABLE_STRICT_OBJC_MSGSEND = YES;
				ENABLE_TESTABILITY = YES;
				GCC_C_LANGUAGE_STANDARD = gnu11;
				GCC_DYNAMIC_NO_PIC = NO;
				GCC_NO_COMMON_BLOCKS = YES;
				GCC_OPTIMIZATION_LEVEL = 0;
				GCC_PREPROCESSOR_DEFINITIONS = (
					"DEBUG=1",
					"$(inherited)",
				);
				GCC_WARN_64_TO_32_BIT_CONVERSION = YES;
				GCC_WARN_ABOUT_RETURN_TYPE = YES_ERROR;
				GCC_WARN_UNDECLARED_SELECTOR = YES;
				GCC_WARN_UNINITIALIZED_AUTOS = YES_AGGRESSIVE;
				GCC_WARN_UNUSED_FUNCTION = YES;
				GCC_WARN_UNUSED_VARIABLE = YES;
				IPHONEOS_DEPLOYMENT_TARGET = 13.2;
				MTL_ENABLE_DEBUG_INFO = INCLUDE_SOURCE;
				MTL_FAST_MATH = YES;
				ONLY_ACTIVE_ARCH = YES;
				SDKROOT = iphoneos;
				SWIFT_ACTIVE_COMPILATION_CONDITIONS = DEBUG;
				SWIFT_OPTIMIZATION_LEVEL = "-Onone";
			};
			name = Debug;
		};
		D35085DA24212AA800C06689 /* Release */ = {
			isa = XCBuildConfiguration;
			buildSettings = {
				ALWAYS_SEARCH_USER_PATHS = NO;
				CLANG_ANALYZER_NONNULL = YES;
				CLANG_ANALYZER_NUMBER_OBJECT_CONVERSION = YES_AGGRESSIVE;
				CLANG_CXX_LANGUAGE_STANDARD = "gnu++14";
				CLANG_CXX_LIBRARY = "libc++";
				CLANG_ENABLE_MODULES = YES;
				CLANG_ENABLE_OBJC_ARC = YES;
				CLANG_ENABLE_OBJC_WEAK = YES;
				CLANG_WARN_BLOCK_CAPTURE_AUTORELEASING = YES;
				CLANG_WARN_BOOL_CONVERSION = YES;
				CLANG_WARN_COMMA = YES;
				CLANG_WARN_CONSTANT_CONVERSION = YES;
				CLANG_WARN_DEPRECATED_OBJC_IMPLEMENTATIONS = YES;
				CLANG_WARN_DIRECT_OBJC_ISA_USAGE = YES_ERROR;
				CLANG_WARN_DOCUMENTATION_COMMENTS = YES;
				CLANG_WARN_EMPTY_BODY = YES;
				CLANG_WARN_ENUM_CONVERSION = YES;
				CLANG_WARN_INFINITE_RECURSION = YES;
				CLANG_WARN_INT_CONVERSION = YES;
				CLANG_WARN_NON_LITERAL_NULL_CONVERSION = YES;
				CLANG_WARN_OBJC_IMPLICIT_RETAIN_SELF = YES;
				CLANG_WARN_OBJC_LITERAL_CONVERSION = YES;
				CLANG_WARN_OBJC_ROOT_CLASS = YES_ERROR;
				CLANG_WARN_RANGE_LOOP_ANALYSIS = YES;
				CLANG_WARN_STRICT_PROTOTYPES = YES;
				CLANG_WARN_SUSPICIOUS_MOVE = YES;
				CLANG_WARN_UNGUARDED_AVAILABILITY = YES_AGGRESSIVE;
				CLANG_WARN_UNREACHABLE_CODE = YES;
				CLANG_WARN__DUPLICATE_METHOD_MATCH = YES;
				COPY_PHASE_STRIP = NO;
				DEBUG_INFORMATION_FORMAT = "dwarf-with-dsym";
				ENABLE_NS_ASSERTIONS = NO;
				ENABLE_STRICT_OBJC_MSGSEND = YES;
				GCC_C_LANGUAGE_STANDARD = gnu11;
				GCC_NO_COMMON_BLOCKS = YES;
				GCC_WARN_64_TO_32_BIT_CONVERSION = YES;
				GCC_WARN_ABOUT_RETURN_TYPE = YES_ERROR;
				GCC_WARN_UNDECLARED_SELECTOR = YES;
				GCC_WARN_UNINITIALIZED_AUTOS = YES_AGGRESSIVE;
				GCC_WARN_UNUSED_FUNCTION = YES;
				GCC_WARN_UNUSED_VARIABLE = YES;
				IPHONEOS_DEPLOYMENT_TARGET = 13.2;
				MTL_ENABLE_DEBUG_INFO = NO;
				MTL_FAST_MATH = YES;
				SDKROOT = iphoneos;
				SWIFT_COMPILATION_MODE = wholemodule;
				SWIFT_OPTIMIZATION_LEVEL = "-O";
				VALIDATE_PRODUCT = YES;
			};
			name = Release;
		};
		D35085DC24212AA800C06689 /* Debug */ = {
			isa = XCBuildConfiguration;
			baseConfigurationReference = 728BED65BE66EA13E4938B8E /* Pods-BackgroundGyro.debug.xcconfig */;
			buildSettings = {
				ASSETCATALOG_COMPILER_APPICON_NAME = AppIcon;
				CODE_SIGN_STYLE = Automatic;
				DEVELOPMENT_TEAM = 2X6AD4W323;
				INFOPLIST_FILE = BackgroundGyro/Info.plist;
				LD_RUNPATH_SEARCH_PATHS = (
					"$(inherited)",
					"@executable_path/Frameworks",
				);
				PRODUCT_BUNDLE_IDENTIFIER = dev.fummicc1.BackgroundGyro;
				PRODUCT_NAME = "$(TARGET_NAME)";
				SWIFT_VERSION = 5.0;
				TARGETED_DEVICE_FAMILY = "1,2";
			};
			name = Debug;
		};
		D35085DD24212AA800C06689 /* Release */ = {
			isa = XCBuildConfiguration;
			baseConfigurationReference = 4569BFAFAD0E0582CA59E71A /* Pods-BackgroundGyro.release.xcconfig */;
			buildSettings = {
				ASSETCATALOG_COMPILER_APPICON_NAME = AppIcon;
				CODE_SIGN_STYLE = Automatic;
				DEVELOPMENT_TEAM = 2X6AD4W323;
				INFOPLIST_FILE = BackgroundGyro/Info.plist;
				LD_RUNPATH_SEARCH_PATHS = (
					"$(inherited)",
					"@executable_path/Frameworks",
				);
				PRODUCT_BUNDLE_IDENTIFIER = dev.fummicc1.BackgroundGyro;
				PRODUCT_NAME = "$(TARGET_NAME)";
				SWIFT_VERSION = 5.0;
				TARGETED_DEVICE_FAMILY = "1,2";
			};
			name = Release;
		};
/* End XCBuildConfiguration section */

/* Begin XCConfigurationList section */
		D35085C224212AA700C06689 /* Build configuration list for PBXProject "BackgroundGyro" */ = {
			isa = XCConfigurationList;
			buildConfigurations = (
				D35085D924212AA800C06689 /* Debug */,
				D35085DA24212AA800C06689 /* Release */,
			);
			defaultConfigurationIsVisible = 0;
			defaultConfigurationName = Release;
		};
		D35085DB24212AA800C06689 /* Build configuration list for PBXNativeTarget "BackgroundGyro" */ = {
			isa = XCConfigurationList;
			buildConfigurations = (
				D35085DC24212AA800C06689 /* Debug */,
				D35085DD24212AA800C06689 /* Release */,
			);
			defaultConfigurationIsVisible = 0;
			defaultConfigurationName = Release;
		};
/* End XCConfigurationList section */
	};
	rootObject = D35085BF24212AA700C06689 /* Project object */;
}
